// !$*UTF8*$!
{
	archiveVersion = 1;
	classes = {
	};
	objectVersion = 55;
	objects = {

/* Begin PBXBuildFile section */
		D22B9ACD27CCA5B300CC3460 /* MemoListVC.swift in Sources */ = {isa = PBXBuildFile; fileRef = D22B9ACC27CCA5B300CC3460 /* MemoListVC.swift */; };
		D22B9ACF27CCA5FB00CC3460 /* MemoFormVC.swift in Sources */ = {isa = PBXBuildFile; fileRef = D22B9ACE27CCA5FB00CC3460 /* MemoFormVC.swift */; };
		D22B9AD127CCA60700CC3460 /* MemoReadVC.swift in Sources */ = {isa = PBXBuildFile; fileRef = D22B9AD027CCA60700CC3460 /* MemoReadVC.swift */; };
		D22B9AD427CCA7A800CC3460 /* MemoCell.swift in Sources */ = {isa = PBXBuildFile; fileRef = D22B9AD327CCA7A800CC3460 /* MemoCell.swift */; };
		D22B9AD627CCA89400CC3460 /* MemoData.swift in Sources */ = {isa = PBXBuildFile; fileRef = D22B9AD527CCA89400CC3460 /* MemoData.swift */; };
		D2AB64B627C8F00600229857 /* AppDelegate.swift in Sources */ = {isa = PBXBuildFile; fileRef = D2AB64B527C8F00600229857 /* AppDelegate.swift */; };
		D2AB64B827C8F00600229857 /* SceneDelegate.swift in Sources */ = {isa = PBXBuildFile; fileRef = D2AB64B727C8F00600229857 /* SceneDelegate.swift */; };
		D2AB64BD27C8F00600229857 /* Main.storyboard in Resources */ = {isa = PBXBuildFile; fileRef = D2AB64BB27C8F00600229857 /* Main.storyboard */; };
		D2AB64C027C8F00600229857 /* Memory_Teller.xcdatamodeld in Sources */ = {isa = PBXBuildFile; fileRef = D2AB64BE27C8F00600229857 /* Memory_Teller.xcdatamodeld */; };
		D2AB64C227C8F00800229857 /* Assets.xcassets in Resources */ = {isa = PBXBuildFile; fileRef = D2AB64C127C8F00800229857 /* Assets.xcassets */; };
		D2AB64C527C8F00800229857 /* LaunchScreen.storyboard in Resources */ = {isa = PBXBuildFile; fileRef = D2AB64C327C8F00800229857 /* LaunchScreen.storyboard */; };
/* End PBXBuildFile section */

/* Begin PBXFileReference section */
		D22B9ACC27CCA5B300CC3460 /* MemoListVC.swift */ = {isa = PBXFileReference; lastKnownFileType = sourcecode.swift; path = MemoListVC.swift; sourceTree = "<group>"; };
		D22B9ACE27CCA5FB00CC3460 /* MemoFormVC.swift */ = {isa = PBXFileReference; lastKnownFileType = sourcecode.swift; path = MemoFormVC.swift; sourceTree = "<group>"; };
		D22B9AD027CCA60700CC3460 /* MemoReadVC.swift */ = {isa = PBXFileReference; lastKnownFileType = sourcecode.swift; path = MemoReadVC.swift; sourceTree = "<group>"; };
		D22B9AD327CCA7A800CC3460 /* MemoCell.swift */ = {isa = PBXFileReference; lastKnownFileType = sourcecode.swift; path = MemoCell.swift; sourceTree = "<group>"; };
		D22B9AD527CCA89400CC3460 /* MemoData.swift */ = {isa = PBXFileReference; lastKnownFileType = sourcecode.swift; path = MemoData.swift; sourceTree = "<group>"; };
		D2AB64B227C8F00600229857 /* Memory_Teller.app */ = {isa = PBXFileReference; explicitFileType = wrapper.application; includeInIndex = 0; path = Memory_Teller.app; sourceTree = BUILT_PRODUCTS_DIR; };
		D2AB64B527C8F00600229857 /* AppDelegate.swift */ = {isa = PBXFileReference; lastKnownFileType = sourcecode.swift; path = AppDelegate.swift; sourceTree = "<group>"; };
		D2AB64B727C8F00600229857 /* SceneDelegate.swift */ = {isa = PBXFileReference; lastKnownFileType = sourcecode.swift; path = SceneDelegate.swift; sourceTree = "<group>"; };
		D2AB64BC27C8F00600229857 /* Base */ = {isa = PBXFileReference; lastKnownFileType = file.storyboard; name = Base; path = Base.lproj/Main.storyboard; sourceTree = "<group>"; };
		D2AB64BF27C8F00600229857 /* Memory_Teller.xcdatamodel */ = {isa = PBXFileReference; lastKnownFileType = wrapper.xcdatamodel; path = Memory_Teller.xcdatamodel; sourceTree = "<group>"; };
		D2AB64C127C8F00800229857 /* Assets.xcassets */ = {isa = PBXFileReference; lastKnownFileType = folder.assetcatalog; path = Assets.xcassets; sourceTree = "<group>"; };
		D2AB64C427C8F00800229857 /* Base */ = {isa = PBXFileReference; lastKnownFileType = file.storyboard; name = Base; path = Base.lproj/LaunchScreen.storyboard; sourceTree = "<group>"; };
		D2AB64C627C8F00800229857 /* Info.plist */ = {isa = PBXFileReference; lastKnownFileType = text.plist.xml; path = Info.plist; sourceTree = "<group>"; };
/* End PBXFileReference section */

/* Begin PBXFrameworksBuildPhase section */
		D2AB64AF27C8F00600229857 /* Frameworks */ = {
			isa = PBXFrameworksBuildPhase;
			buildActionMask = 2147483647;
			files = (
			);
			runOnlyForDeploymentPostprocessing = 0;
		};
/* End PBXFrameworksBuildPhase section */

/* Begin PBXGroup section */
		D22B9AD227CCA78100CC3460 /* Cells */ = {
			isa = PBXGroup;
			children = (
				D22B9AD327CCA7A800CC3460 /* MemoCell.swift */,
			);
			path = Cells;
			sourceTree = "<group>";
		};
		D2AB64A927C8F00600229857 = {
			isa = PBXGroup;
			children = (
				D2AB64B427C8F00600229857 /* Memory_Teller */,
				D2AB64B327C8F00600229857 /* Products */,
			);
			sourceTree = "<group>";
		};
		D2AB64B327C8F00600229857 /* Products */ = {
			isa = PBXGroup;
			children = (
				D2AB64B227C8F00600229857 /* Memory_Teller.app */,
			);
			name = Products;
			sourceTree = "<group>";
		};
		D2AB64B427C8F00600229857 /* Memory_Teller */ = {
			isa = PBXGroup;
			children = (
				D2AB64CC27C8F05900229857 /* Resources */,
				D2AB64CF27C8F09800229857 /* Sources */,
				D2AB64C627C8F00800229857 /* Info.plist */,
			);
			path = Memory_Teller;
			sourceTree = "<group>";
		};
		D2AB64CC27C8F05900229857 /* Resources */ = {
			isa = PBXGroup;
			children = (
				D2AB64C127C8F00800229857 /* Assets.xcassets */,
				D2AB64CD27C8F07000229857 /* Storyboards */,
				D2AB64B527C8F00600229857 /* AppDelegate.swift */,
				D2AB64B727C8F00600229857 /* SceneDelegate.swift */,
			);
			path = Resources;
			sourceTree = "<group>";
		};
		D2AB64CD27C8F07000229857 /* Storyboards */ = {
			isa = PBXGroup;
			children = (
				D2AB64C327C8F00800229857 /* LaunchScreen.storyboard */,
				D2AB64BB27C8F00600229857 /* Main.storyboard */,
			);
			path = Storyboards;
			sourceTree = "<group>";
		};
		D2AB64CF27C8F09800229857 /* Sources */ = {
			isa = PBXGroup;
			children = (
				D22B9AD227CCA78100CC3460 /* Cells */,
				D2AB64D127C8F0C900229857 /* Models */,
				D2AB64D027C8F0A300229857 /* VCs */,
			);
			path = Sources;
			sourceTree = "<group>";
		};
		D2AB64D027C8F0A300229857 /* VCs */ = {
			isa = PBXGroup;
			children = (
				D22B9ACC27CCA5B300CC3460 /* MemoListVC.swift */,
				D22B9ACE27CCA5FB00CC3460 /* MemoFormVC.swift */,
				D22B9AD027CCA60700CC3460 /* MemoReadVC.swift */,
			);
			path = VCs;
			sourceTree = "<group>";
		};
		D2AB64D127C8F0C900229857 /* Models */ = {
			isa = PBXGroup;
			children = (
				D2AB64BE27C8F00600229857 /* Memory_Teller.xcdatamodeld */,
				D22B9AD527CCA89400CC3460 /* MemoData.swift */,
			);
			path = Models;
			sourceTree = "<group>";
		};
/* End PBXGroup section */

/* Begin PBXNativeTarget section */
		D2AB64B127C8F00600229857 /* Memory_Teller */ = {
			isa = PBXNativeTarget;
			buildConfigurationList = D2AB64C927C8F00800229857 /* Build configuration list for PBXNativeTarget "Memory_Teller" */;
			buildPhases = (
				D2AB64AE27C8F00600229857 /* Sources */,
				D2AB64AF27C8F00600229857 /* Frameworks */,
				D2AB64B027C8F00600229857 /* Resources */,
			);
			buildRules = (
			);
			dependencies = (
			);
			name = Memory_Teller;
			productName = Memory_Teller;
			productReference = D2AB64B227C8F00600229857 /* Memory_Teller.app */;
			productType = "com.apple.product-type.application";
		};
/* End PBXNativeTarget section */

/* Begin PBXProject section */
		D2AB64AA27C8F00600229857 /* Project object */ = {
			isa = PBXProject;
			attributes = {
				BuildIndependentTargetsInParallel = 1;
				LastSwiftUpdateCheck = 1320;
				LastUpgradeCheck = 1320;
				TargetAttributes = {
					D2AB64B127C8F00600229857 = {
						CreatedOnToolsVersion = 13.2.1;
					};
				};
			};
			buildConfigurationList = D2AB64AD27C8F00600229857 /* Build configuration list for PBXProject "Memory_Teller" */;
			compatibilityVersion = "Xcode 13.0";
			developmentRegion = en;
			hasScannedForEncodings = 0;
			knownRegions = (
				en,
				Base,
			);
			mainGroup = D2AB64A927C8F00600229857;
			productRefGroup = D2AB64B327C8F00600229857 /* Products */;
			projectDirPath = "";
			projectRoot = "";
			targets = (
				D2AB64B127C8F00600229857 /* Memory_Teller */,
			);
		};
/* End PBXProject section */

/* Begin PBXResourcesBuildPhase section */
		D2AB64B027C8F00600229857 /* Resources */ = {
			isa = PBXResourcesBuildPhase;
			buildActionMask = 2147483647;
			files = (
				D2AB64C527C8F00800229857 /* LaunchScreen.storyboard in Resources */,
				D2AB64C227C8F00800229857 /* Assets.xcassets in Resources */,
				D2AB64BD27C8F00600229857 /* Main.storyboard in Resources */,
			);
			runOnlyForDeploymentPostprocessing = 0;
		};
/* End PBXResourcesBuildPhase section */

/* Begin PBXSourcesBuildPhase section */
		D2AB64AE27C8F00600229857 /* Sources */ = {
			isa = PBXSourcesBuildPhase;
			buildActionMask = 2147483647;
			files = (
				D22B9AD427CCA7A800CC3460 /* MemoCell.swift in Sources */,
				D22B9AD627CCA89400CC3460 /* MemoData.swift in Sources */,
				D2AB64B627C8F00600229857 /* AppDelegate.swift in Sources */,
				D22B9ACF27CCA5FB00CC3460 /* MemoFormVC.swift in Sources */,
				D22B9AD127CCA60700CC3460 /* MemoReadVC.swift in Sources */,
				D2AB64C027C8F00600229857 /* Memory_Teller.xcdatamodeld in Sources */,
				D22B9ACD27CCA5B300CC3460 /* MemoListVC.swift in Sources */,
				D2AB64B827C8F00600229857 /* SceneDelegate.swift in Sources */,
			);
			runOnlyForDeploymentPostprocessing = 0;
		};
/* End PBXSourcesBuildPhase section */

/* Begin PBXVariantGroup section */
		D2AB64BB27C8F00600229857 /* Main.storyboard */ = {
			isa = PBXVariantGroup;
			children = (
				D2AB64BC27C8F00600229857 /* Base */,
			);
			name = Main.storyboard;
			sourceTree = "<group>";
		};
		D2AB64C327C8F00800229857 /* LaunchScreen.storyboard */ = {
			isa = PBXVariantGroup;
			children = (
				D2AB64C427C8F00800229857 /* Base */,
			);
			name = LaunchScreen.storyboard;
			sourceTree = "<group>";
		};
/* End PBXVariantGroup section */

/* Begin XCBuildConfiguration section */
		D2AB64C727C8F00800229857 /* Debug */ = {
			isa = XCBuildConfiguration;
			buildSettings = {
				ALWAYS_SEARCH_USER_PATHS = NO;
				CLANG_ANALYZER_NONNULL = YES;
				CLANG_ANALYZER_NUMBER_OBJECT_CONVERSION = YES_AGGRESSIVE;
				CLANG_CXX_LANGUAGE_STANDARD = "gnu++17";
				CLANG_CXX_LIBRARY = "libc++";
				CLANG_ENABLE_MODULES = YES;
				CLANG_ENABLE_OBJC_ARC = YES;
				CLANG_ENABLE_OBJC_WEAK = YES;
				CLANG_WARN_BLOCK_CAPTURE_AUTORELEASING = YES;
				CLANG_WARN_BOOL_CONVERSION = YES;
				CLANG_WARN_COMMA = YES;
				CLANG_WARN_CONSTANT_CONVERSION = YES;
				CLANG_WARN_DEPRECATED_OBJC_IMPLEMENTATIONS = YES;
				CLANG_WARN_DIRECT_OBJC_ISA_USAGE = YES_ERROR;
				CLANG_WARN_DOCUMENTATION_COMMENTS = YES;
				CLANG_WARN_EMPTY_BODY = YES;
				CLANG_WARN_ENUM_CONVERSION = YES;
				CLANG_WARN_INFINITE_RECURSION = YES;
				CLANG_WARN_INT_CONVERSION = YES;
				CLANG_WARN_NON_LITERAL_NULL_CONVERSION = YES;
				CLANG_WARN_OBJC_IMPLICIT_RETAIN_SELF = YES;
				CLANG_WARN_OBJC_LITERAL_CONVERSION = YES;
				CLANG_WARN_OBJC_ROOT_CLASS = YES_ERROR;
				CLANG_WARN_QUOTED_INCLUDE_IN_FRAMEWORK_HEADER = YES;
				CLANG_WARN_RANGE_LOOP_ANALYSIS = YES;
				CLANG_WARN_STRICT_PROTOTYPES = YES;
				CLANG_WARN_SUSPICIOUS_MOVE = YES;
				CLANG_WARN_UNGUARDED_AVAILABILITY = YES_AGGRESSIVE;
				CLANG_WARN_UNREACHABLE_CODE = YES;
				CLANG_WARN__DUPLICATE_METHOD_MATCH = YES;
				COPY_PHASE_STRIP = NO;
				DEBUG_INFORMATION_FORMAT = dwarf;
				ENABLE_STRICT_OBJC_MSGSEND = YES;
				ENABLE_TESTABILITY = YES;
				GCC_C_LANGUAGE_STANDARD = gnu11;
				GCC_DYNAMIC_NO_PIC = NO;
				GCC_NO_COMMON_BLOCKS = YES;
				GCC_OPTIMIZATION_LEVEL = 0;
				GCC_PREPROCESSOR_DEFINITIONS = (
					"DEBUG=1",
					"$(inherited)",
				);
				GCC_WARN_64_TO_32_BIT_CONVERSION = YES;
				GCC_WARN_ABOUT_RETURN_TYPE = YES_ERROR;
				GCC_WARN_UNDECLARED_SELECTOR = YES;
				GCC_WARN_UNINITIALIZED_AUTOS = YES_AGGRESSIVE;
				GCC_WARN_UNUSED_FUNCTION = YES;
				GCC_WARN_UNUSED_VARIABLE = YES;
				IPHONEOS_DEPLOYMENT_TARGET = 15.2;
				MTL_ENABLE_DEBUG_INFO = INCLUDE_SOURCE;
				MTL_FAST_MATH = YES;
				ONLY_ACTIVE_ARCH = YES;
				SDKROOT = iphoneos;
				SWIFT_ACTIVE_COMPILATION_CONDITIONS = DEBUG;
				SWIFT_OPTIMIZATION_LEVEL = "-Onone";
			};
			name = Debug;
		};
		D2AB64C827C8F00800229857 /* Release */ = {
			isa = XCBuildConfiguration;
			buildSettings = {
				ALWAYS_SEARCH_USER_PATHS = NO;
				CLANG_ANALYZER_NONNULL = YES;
				CLANG_ANALYZER_NUMBER_OBJECT_CONVERSION = YES_AGGRESSIVE;
				CLANG_CXX_LANGUAGE_STANDARD = "gnu++17";
				CLANG_CXX_LIBRARY = "libc++";
				CLANG_ENABLE_MODULES = YES;
				CLANG_ENABLE_OBJC_ARC = YES;
				CLANG_ENABLE_OBJC_WEAK = YES;
				CLANG_WARN_BLOCK_CAPTURE_AUTORELEASING = YES;
				CLANG_WARN_BOOL_CONVERSION = YES;
				CLANG_WARN_COMMA = YES;
				CLANG_WARN_CONSTANT_CONVERSION = YES;
				CLANG_WARN_DEPRECATED_OBJC_IMPLEMENTATIONS = YES;
				CLANG_WARN_DIRECT_OBJC_ISA_USAGE = YES_ERROR;
				CLANG_WARN_DOCUMENTATION_COMMENTS = YES;
				CLANG_WARN_EMPTY_BODY = YES;
				CLANG_WARN_ENUM_CONVERSION = YES;
				CLANG_WARN_INFINITE_RECURSION = YES;
				CLANG_WARN_INT_CONVERSION = YES;
				CLANG_WARN_NON_LITERAL_NULL_CONVERSION = YES;
				CLANG_WARN_OBJC_IMPLICIT_RETAIN_SELF = YES;
				CLANG_WARN_OBJC_LITERAL_CONVERSION = YES;
				CLANG_WARN_OBJC_ROOT_CLASS = YES_ERROR;
				CLANG_WARN_QUOTED_INCLUDE_IN_FRAMEWORK_HEADER = YES;
				CLANG_WARN_RANGE_LOOP_ANALYSIS = YES;
				CLANG_WARN_STRICT_PROTOTYPES = YES;
				CLANG_WARN_SUSPICIOUS_MOVE = YES;
				CLANG_WARN_UNGUARDED_AVAILABILITY = YES_AGGRESSIVE;
				CLANG_WARN_UNREACHABLE_CODE = YES;
				CLANG_WARN__DUPLICATE_METHOD_MATCH = YES;
				COPY_PHASE_STRIP = NO;
				DEBUG_INFORMATION_FORMAT = "dwarf-with-dsym";
				ENABLE_NS_ASSERTIONS = NO;
				ENABLE_STRICT_OBJC_MSGSEND = YES;
				GCC_C_LANGUAGE_STANDARD = gnu11;
				GCC_NO_COMMON_BLOCKS = YES;
				GCC_WARN_64_TO_32_BIT_CONVERSION = YES;
				GCC_WARN_ABOUT_RETURN_TYPE = YES_ERROR;
				GCC_WARN_UNDECLARED_SELECTOR = YES;
				GCC_WARN_UNINITIALIZED_AUTOS = YES_AGGRESSIVE;
				GCC_WARN_UNUSED_FUNCTION = YES;
				GCC_WARN_UNUSED_VARIABLE = YES;
				IPHONEOS_DEPLOYMENT_TARGET = 15.2;
				MTL_ENABLE_DEBUG_INFO = NO;
				MTL_FAST_MATH = YES;
				SDKROOT = iphoneos;
				SWIFT_COMPILATION_MODE = wholemodule;
				SWIFT_OPTIMIZATION_LEVEL = "-O";
				VALIDATE_PRODUCT = YES;
			};
			name = Release;
		};
		D2AB64CA27C8F00800229857 /* Debug */ = {
			isa = XCBuildConfiguration;
			buildSettings = {
				ASSETCATALOG_COMPILER_APPICON_NAME = AppIcon;
				ASSETCATALOG_COMPILER_GLOBAL_ACCENT_COLOR_NAME = AccentColor;
				CODE_SIGN_STYLE = Automatic;
				CURRENT_PROJECT_VERSION = 1;
				DEVELOPMENT_TEAM = KLKPT7BZGN;
				GENERATE_INFOPLIST_FILE = YES;
				INFOPLIST_FILE = Memory_Teller/Info.plist;
				INFOPLIST_KEY_UIApplicationSupportsIndirectInputEvents = YES;
				INFOPLIST_KEY_UILaunchStoryboardName = LaunchScreen;
				INFOPLIST_KEY_UIMainStoryboardFile = Main;
				INFOPLIST_KEY_UISupportedInterfaceOrientations_iPad = "UIInterfaceOrientationPortrait UIInterfaceOrientationPortraitUpsideDown UIInterfaceOrientationLandscapeLeft UIInterfaceOrientationLandscapeRight";
				INFOPLIST_KEY_UISupportedInterfaceOrientations_iPhone = "UIInterfaceOrientationPortrait UIInterfaceOrientationLandscapeLeft UIInterfaceOrientationLandscapeRight";
				LD_RUNPATH_SEARCH_PATHS = (
					"$(inherited)",
					"@executable_path/Frameworks",
				);
				MARKETING_VERSION = 1.0;
				PRODUCT_BUNDLE_IDENTIFIER = "Hyun.Memory-Teller";
				PRODUCT_NAME = "$(TARGET_NAME)";
				SWIFT_EMIT_LOC_STRINGS = YES;
				SWIFT_VERSION = 5.0;
				TARGETED_DEVICE_FAMILY = 1;
			};
			name = Debug;
		};
		D2AB64CB27C8F00800229857 /* Release */ = {
			isa = XCBuildConfiguration;
			buildSettings = {
				ASSETCATALOG_COMPILER_APPICON_NAME = AppIcon;
				ASSETCATALOG_COMPILER_GLOBAL_ACCENT_COLOR_NAME = AccentColor;
				CODE_SIGN_STYLE = Automatic;
				CURRENT_PROJECT_VERSION = 1;
				DEVELOPMENT_TEAM = KLKPT7BZGN;
				GENERATE_INFOPLIST_FILE = YES;
				INFOPLIST_FILE = Memory_Teller/Info.plist;
				INFOPLIST_KEY_UIApplicationSupportsIndirectInputEvents = YES;
				INFOPLIST_KEY_UILaunchStoryboardName = LaunchScreen;
				INFOPLIST_KEY_UIMainStoryboardFile = Main;
				INFOPLIST_KEY_UISupportedInterfaceOrientations_iPad = "UIInterfaceOrientationPortrait UIInterfaceOrientationPortraitUpsideDown UIInterfaceOrientationLandscapeLeft UIInterfaceOrientationLandscapeRight";
				INFOPLIST_KEY_UISupportedInterfaceOrientations_iPhone = "UIInterfaceOrientationPortrait UIInterfaceOrientationLandscapeLeft UIInterfaceOrientationLandscapeRight";
				LD_RUNPATH_SEARCH_PATHS = (
					"$(inherited)",
					"@executable_path/Frameworks",
				);
				MARKETING_VERSION = 1.0;
				PRODUCT_BUNDLE_IDENTIFIER = "Hyun.Memory-Teller";
				PRODUCT_NAME = "$(TARGET_NAME)";
				SWIFT_EMIT_LOC_STRINGS = YES;
				SWIFT_VERSION = 5.0;
				TARGETED_DEVICE_FAMILY = 1;
			};
			name = Release;
		};
/* End XCBuildConfiguration section */

/* Begin XCConfigurationList section */
		D2AB64AD27C8F00600229857 /* Build configuration list for PBXProject "Memory_Teller" */ = {
			isa = XCConfigurationList;
			buildConfigurations = (
				D2AB64C727C8F00800229857 /* Debug */,
				D2AB64C827C8F00800229857 /* Release */,
			);
			defaultConfigurationIsVisible = 0;
			defaultConfigurationName = Release;
		};
		D2AB64C927C8F00800229857 /* Build configuration list for PBXNativeTarget "Memory_Teller" */ = {
			isa = XCConfigurationList;
			buildConfigurations = (
				D2AB64CA27C8F00800229857 /* Debug */,
				D2AB64CB27C8F00800229857 /* Release */,
			);
			defaultConfigurationIsVisible = 0;
			defaultConfigurationName = Release;
		};
/* End XCConfigurationList section */

/* Begin XCVersionGroup section */
		D2AB64BE27C8F00600229857 /* Memory_Teller.xcdatamodeld */ = {
			isa = XCVersionGroup;
			children = (
				D2AB64BF27C8F00600229857 /* Memory_Teller.xcdatamodel */,
			);
			currentVersion = D2AB64BF27C8F00600229857 /* Memory_Teller.xcdatamodel */;
			path = Memory_Teller.xcdatamodeld;
			sourceTree = "<group>";
			versionGroupType = wrapper.xcdatamodel;
		};
/* End XCVersionGroup section */
	};
	rootObject = D2AB64AA27C8F00600229857 /* Project object */;
}
